PODS:
  - HydraAsync (2.0.0)
  - Nimble (8.0.1)
  - Quick (2.1.0)

DEPENDENCIES:
  - HydraAsync (~> 2.0.0)
  - Nimble
  - Quick

SPEC REPOS:
  https://github.com/cocoapods/specs.git:
    - HydraAsync
    - Nimble
    - Quick

SPEC CHECKSUMS:
  HydraAsync: bdb2fc2342dd7b74b5cd5fc919ef39d4e41fa46f
  Nimble: 45f786ae66faa9a709624227fae502db55a8bdd0
  Quick: 4be43f6634acfa727dd106bdf3929ce125ffa79d

PODFILE CHECKSUM: 4ee4f299fecb257dffc3b83ec8cb8ceda3e62527

COCOAPODS: 1.7.0.rc.2
